# THIS IS AN AUTOGENERATED FILE. DO NOT EDIT THIS FILE DIRECTLY.
# yarn lockfile v1


jquery-ui-dist@^1.12.1:
  version "1.12.1"
  resolved "https://registry.yarnpkg.com/jquery-ui-dist/-/jquery-ui-dist-1.12.1.tgz#5c0815d3cc6f90ff5faaf5b268a6e23b4ca904fa"
  integrity sha1-XAgV08xvkP9fqvWyaKbiO0ypBPo=

jquery-ui-touch-punch@^0.2.3:
  version "0.2.3"
  resolved "https://registry.yarnpkg.com/jquery-ui-touch-punch/-/jquery-ui-touch-punch-0.2.3.tgz#eed82242733ba243f46b3e87c1841b308191da68"
  integrity sha1-7tgiQnM7okP0az6HwYQbMIGR2mg=

jquery.scrollto@^2.1.2:
  version "2.1.2"
  resolved "https://registry.yarnpkg.com/jquery.scrollto/-/jquery.scrollto-2.1.2.tgz#e7580d9c7ac46ef5bb25319483f6f45713fd7c6c"
  integrity sha1-51gNnHrEbvW7JTGUg/b0VxP9fGw=
  dependencies:
    jquery ">=1.8"

jquery@>=1.7.0, jquery@>=1.8, jquery@^3.4.1:
  version "3.4.1"
  resolved "https://registry.yarnpkg.com/jquery/-/jquery-3.4.1.tgz#714f1f8d9dde4bdfa55764ba37ef214630d80ef2"
  integrity sha512-36+AdBzCL+y6qjw5Tx7HgzeGCzC81MDDgaUP8ld2zhx58HdqXGoBd+tHdrBMiyjGQs0Hxs/MLZTu/eHNJJuWPw==

popper.js@^1.16.0:
  version "1.16.1"
  resolved "https://registry.yarnpkg.com/popper.js/-/popper.js-1.16.1.tgz#2a223cb3dc7b6213d740e40372be40de43e65b1b"
  integrity sha512-Wb4p1J4zyFTbM+u6WuO4XstYx4Ky9Cewe4DWrel7B0w6VVICvPwdOpotjzcf6eD8TsckVnIMNONQyPIUFOUbCQ==

smartmenus@^1.1.0:
  version "1.1.0"
  resolved "https://registry.yarnpkg.com/smartmenus/-/smartmenus-1.1.0.tgz#19da8c61e02f7148d21510a7e5a70cd54cf4f1c7"
  integrity sha1-GdqMYeAvcUjSFRCn5acM1Uz08cc=
  dependencies:
    jquery ">=1.7.0"

tippy.js@^5.2.0:
  version "5.2.0"
  resolved "https://registry.yarnpkg.com/tippy.js/-/tippy.js-5.2.0.tgz#5e5a13a196ad2e39c7ee6cac5bfdb0513e797501"
  integrity sha512-bmZu+TP1Fs6+1cq0GI1lfS9R0QxXDthP45zNGSLLMY5p2uC8sODNL4TiUOhEG25q5upk5LUrTnCkc+Q3H2aZJQ==
  dependencies:
    popper.js "^1.16.0"
