
Microsoft Visual Studio Solution File, Format Version 9.00
# Visual C++ Express 2005
Project("{8BC9CEB8-8B4A-11D0-8D11-00A0C91BC942}") = "Doxygen", "Doxygen.vcproj", "{309C9A4A-94D2-4837-9A11-45B0A6CF35C3}"
	ProjectSection(ProjectDependencies) = postProject
		{2543196E-6FC5-4D6A-96A8-91443CF7B21B} = {2543196E-6FC5-4D6A-96A8-91443CF7B21B}
		{B6BB4771-8A4E-4656-AC08-1EF8AC182F64} = {B6BB4771-8A4E-4656-AC08-1EF8AC182F64}
		{FC8F6EAD-29A5-42A7-A646-B775F67CD7A3} = {FC8F6EAD-29A5-42A7-A646-B775F67CD7A3}
	EndProjectSection
EndProject
Project("{8BC9CEB8-8B4A-11D0-8D11-00A0C91BC942}") = "Doxytag", "Doxytag.vcproj", "{EE0E8466-1E25-4FBC-B273-5EA6776EFE95}"
	ProjectSection(ProjectDependencies) = postProject
		{B6BB4771-8A4E-4656-AC08-1EF8AC182F64} = {B6BB4771-8A4E-4656-AC08-1EF8AC182F64}
	EndProjectSection
EndProject
Project("{8BC9CEB8-8B4A-11D0-8D11-00A0C91BC942}") = "libpng", "libpng.vcproj", "{2543196E-6FC5-4D6A-96A8-91443CF7B21B}"
EndProject
Project("{8BC9CEB8-8B4A-11D0-8D11-00A0C91BC942}") = "qtools", "qtools.vcproj", "{B6BB4771-8A4E-4656-AC08-1EF8AC182F64}"
EndProject
Project("{8BC9CEB8-8B4A-11D0-8D11-00A0C91BC942}") = "zlib", "zlib.vcproj", "{FC8F6EAD-29A5-42A7-A646-B775F67CD7A3}"
EndProject
Project("{8BC9CEB8-8B4A-11D0-8D11-00A0C91BC942}") = "Doxywizard", "Doxywizard.vcproj", "{6E404596-D6B6-41A5-8F25-C52921A7C1BF}"
EndProject
Global
	GlobalSection(SolutionConfigurationPlatforms) = preSolution
		Debug|Win32 = Debug|Win32
		Release|Win32 = Release|Win32
	EndGlobalSection
	GlobalSection(ProjectConfigurationPlatforms) = postSolution
		{309C9A4A-94D2-4837-9A11-45B0A6CF35C3}.Debug|Win32.ActiveCfg = Debug|Win32
		{309C9A4A-94D2-4837-9A11-45B0A6CF35C3}.Debug|Win32.Build.0 = Debug|Win32
		{309C9A4A-94D2-4837-9A11-45B0A6CF35C3}.Release|Win32.ActiveCfg = Release|Win32
		{309C9A4A-94D2-4837-9A11-45B0A6CF35C3}.Release|Win32.Build.0 = Release|Win32
		{EE0E8466-1E25-4FBC-B273-5EA6776EFE95}.Debug|Win32.ActiveCfg = Debug|Win32
		{EE0E8466-1E25-4FBC-B273-5EA6776EFE95}.Debug|Win32.Build.0 = Debug|Win32
		{EE0E8466-1E25-4FBC-B273-5EA6776EFE95}.Release|Win32.ActiveCfg = Release|Win32
		{EE0E8466-1E25-4FBC-B273-5EA6776EFE95}.Release|Win32.Build.0 = Release|Win32
		{2543196E-6FC5-4D6A-96A8-91443CF7B21B}.Debug|Win32.ActiveCfg = Debug|Win32
		{2543196E-6FC5-4D6A-96A8-91443CF7B21B}.Debug|Win32.Build.0 = Debug|Win32
		{2543196E-6FC5-4D6A-96A8-91443CF7B21B}.Release|Win32.ActiveCfg = Release|Win32
		{2543196E-6FC5-4D6A-96A8-91443CF7B21B}.Release|Win32.Build.0 = Release|Win32
		{B6BB4771-8A4E-4656-AC08-1EF8AC182F64}.Debug|Win32.ActiveCfg = Debug|Win32
		{B6BB4771-8A4E-4656-AC08-1EF8AC182F64}.Debug|Win32.Build.0 = Debug|Win32
		{B6BB4771-8A4E-4656-AC08-1EF8AC182F64}.Release|Win32.ActiveCfg = Release|Win32
		{B6BB4771-8A4E-4656-AC08-1EF8AC182F64}.Release|Win32.Build.0 = Release|Win32
		{FC8F6EAD-29A5-42A7-A646-B775F67CD7A3}.Debug|Win32.ActiveCfg = Debug|Win32
		{FC8F6EAD-29A5-42A7-A646-B775F67CD7A3}.Debug|Win32.Build.0 = Debug|Win32
		{FC8F6EAD-29A5-42A7-A646-B775F67CD7A3}.Release|Win32.ActiveCfg = Release|Win32
		{FC8F6EAD-29A5-42A7-A646-B775F67CD7A3}.Release|Win32.Build.0 = Release|Win32
		{6E404596-D6B6-41A5-8F25-C52921A7C1BF}.Debug|Win32.ActiveCfg = Debug|Win32
		{6E404596-D6B6-41A5-8F25-C52921A7C1BF}.Debug|Win32.Build.0 = Debug|Win32
		{6E404596-D6B6-41A5-8F25-C52921A7C1BF}.Release|Win32.ActiveCfg = Release|Win32
		{6E404596-D6B6-41A5-8F25-C52921A7C1BF}.Release|Win32.Build.0 = Release|Win32
	EndGlobalSection
	GlobalSection(SolutionProperties) = preSolution
		HideSolutionNode = FALSE
	EndGlobalSection
EndGlobal
