
Microsoft Visual Studio Solution File, Format Version 10.00
# Visual Studio 2008
Project("{8BC9CEB8-8B4A-11D0-8D11-00A0C91BC942}") = "Doxygen", "Doxygen.vcproj", "{309C9A4A-94D2-4837-9A11-45B0A6CF35C3}"
	ProjectSection(ProjectDependencies) = postProject
		{B6BB4771-8A4E-4656-AC08-1EF8AC182F64} = {B6BB4771-8A4E-4656-AC08-1EF8AC182F64}
	EndProjectSection
EndProject
Project("{8BC9CEB8-8B4A-11D0-8D11-00A0C91BC942}") = "qtools", "qtools.vcproj", "{B6BB4771-8A4E-4656-AC08-1EF8AC182F64}"
EndProject
Project("{8BC9CEB8-8B4A-11D0-8D11-00A0C91BC942}") = "doxywizard", "Doxywizard.vcproj", "{77C9C2D3-EA3F-3D59-8B4C-0ED852890172}"
EndProject
Project("{8BC9CEB8-8B4A-11D0-8D11-00A0C91BC942}") = "doxysearch", "doxysearch.vcproj", "{F3F3408F-F6F7-46C7-BF1E-1FA056E0AE20}"
EndProject
Project("{8BC9CEB8-8B4A-11D0-8D11-00A0C91BC942}") = "doxyindexer", "doxyindexer.vcproj", "{E543983A-D5BF-4865-B4A1-6D7EF2E1051C}"
	ProjectSection(ProjectDependencies) = postProject
		{B6BB4771-8A4E-4656-AC08-1EF8AC182F64} = {B6BB4771-8A4E-4656-AC08-1EF8AC182F64}
	EndProjectSection
EndProject
Global
	GlobalSection(SolutionConfigurationPlatforms) = preSolution
		Debug|Win32 = Debug|Win32
		Debug|x64 = Debug|x64
		Release|Win32 = Release|Win32
		Release|x64 = Release|x64
	EndGlobalSection
	GlobalSection(ProjectConfigurationPlatforms) = postSolution
		{309C9A4A-94D2-4837-9A11-45B0A6CF35C3}.Debug|Win32.ActiveCfg = Debug|Win32
		{309C9A4A-94D2-4837-9A11-45B0A6CF35C3}.Debug|Win32.Build.0 = Debug|Win32
		{309C9A4A-94D2-4837-9A11-45B0A6CF35C3}.Debug|x64.ActiveCfg = Debug|x64
		{309C9A4A-94D2-4837-9A11-45B0A6CF35C3}.Release|Win32.ActiveCfg = Release|Win32
		{309C9A4A-94D2-4837-9A11-45B0A6CF35C3}.Release|Win32.Build.0 = Release|Win32
		{309C9A4A-94D2-4837-9A11-45B0A6CF35C3}.Release|x64.ActiveCfg = Release|x64
		{309C9A4A-94D2-4837-9A11-45B0A6CF35C3}.Release|x64.Build.0 = Release|x64
		{B6BB4771-8A4E-4656-AC08-1EF8AC182F64}.Debug|Win32.ActiveCfg = Debug|Win32
		{B6BB4771-8A4E-4656-AC08-1EF8AC182F64}.Debug|Win32.Build.0 = Debug|Win32
		{B6BB4771-8A4E-4656-AC08-1EF8AC182F64}.Debug|x64.ActiveCfg = Debug|x64
		{B6BB4771-8A4E-4656-AC08-1EF8AC182F64}.Debug|x64.Build.0 = Debug|x64
		{B6BB4771-8A4E-4656-AC08-1EF8AC182F64}.Release|Win32.ActiveCfg = Release|Win32
		{B6BB4771-8A4E-4656-AC08-1EF8AC182F64}.Release|Win32.Build.0 = Release|Win32
		{B6BB4771-8A4E-4656-AC08-1EF8AC182F64}.Release|x64.ActiveCfg = Release|x64
		{B6BB4771-8A4E-4656-AC08-1EF8AC182F64}.Release|x64.Build.0 = Release|x64
		{77C9C2D3-EA3F-3D59-8B4C-0ED852890172}.Debug|Win32.ActiveCfg = Debug|Win32
		{77C9C2D3-EA3F-3D59-8B4C-0ED852890172}.Debug|Win32.Build.0 = Debug|Win32
		{77C9C2D3-EA3F-3D59-8B4C-0ED852890172}.Debug|x64.ActiveCfg = Debug|x64
		{77C9C2D3-EA3F-3D59-8B4C-0ED852890172}.Debug|x64.Build.0 = Debug|x64
		{77C9C2D3-EA3F-3D59-8B4C-0ED852890172}.Release|Win32.ActiveCfg = Release|Win32
		{77C9C2D3-EA3F-3D59-8B4C-0ED852890172}.Release|Win32.Build.0 = Release|Win32
		{77C9C2D3-EA3F-3D59-8B4C-0ED852890172}.Release|x64.ActiveCfg = Release|x64
		{77C9C2D3-EA3F-3D59-8B4C-0ED852890172}.Release|x64.Build.0 = Release|x64
		{F3F3408F-F6F7-46C7-BF1E-1FA056E0AE20}.Debug|Win32.ActiveCfg = Debug|Win32
		{F3F3408F-F6F7-46C7-BF1E-1FA056E0AE20}.Debug|Win32.Build.0 = Debug|Win32
		{F3F3408F-F6F7-46C7-BF1E-1FA056E0AE20}.Debug|x64.ActiveCfg = Debug|Win32
		{F3F3408F-F6F7-46C7-BF1E-1FA056E0AE20}.Release|Win32.ActiveCfg = Release|Win32
		{F3F3408F-F6F7-46C7-BF1E-1FA056E0AE20}.Release|Win32.Build.0 = Release|Win32
		{F3F3408F-F6F7-46C7-BF1E-1FA056E0AE20}.Release|x64.ActiveCfg = Release|Win32
		{F3F3408F-F6F7-46C7-BF1E-1FA056E0AE20}.Release|x64.Build.0 = Release|Win32
		{E543983A-D5BF-4865-B4A1-6D7EF2E1051C}.Debug|Win32.ActiveCfg = Debug|Win32
		{E543983A-D5BF-4865-B4A1-6D7EF2E1051C}.Debug|Win32.Build.0 = Debug|Win32
		{E543983A-D5BF-4865-B4A1-6D7EF2E1051C}.Debug|x64.ActiveCfg = Debug|x64
		{E543983A-D5BF-4865-B4A1-6D7EF2E1051C}.Debug|x64.Build.0 = Debug|x64
		{E543983A-D5BF-4865-B4A1-6D7EF2E1051C}.Release|Win32.ActiveCfg = Release|Win32
		{E543983A-D5BF-4865-B4A1-6D7EF2E1051C}.Release|Win32.Build.0 = Release|Win32
		{E543983A-D5BF-4865-B4A1-6D7EF2E1051C}.Release|x64.ActiveCfg = Release|x64
		{E543983A-D5BF-4865-B4A1-6D7EF2E1051C}.Release|x64.Build.0 = Release|x64
	EndGlobalSection
	GlobalSection(SolutionProperties) = preSolution
		HideSolutionNode = FALSE
	EndGlobalSection
EndGlobal
